
Microsoft Visual Studio Solution File, Format Version 12.00
# Visual Studio Version 17
VisualStudioVersion = 17.6.33829.357
MinimumVisualStudioVersion = 10.0.40219.1
Project("{FAE04EC0-301F-11D3-BF4B-00C04F79EFBC}") = "SkillFactory_7.7", "SkillFactory_7.7\SkillFactory_7.7.csproj", "{6D575717-AC21-4E4B-811C-6BABC6E848C3}"
EndProject
Global
	GlobalSection(SolutionConfigurationPlatforms) = preSolution
		Debug|Any CPU = Debug|Any CPU
		Release|Any CPU = Release|Any CPU
	EndGlobalSection
	GlobalSection(ProjectConfigurationPlatforms) = postSolution
		{6D575717-AC21-4E4B-811C-6BABC6E848C3}.Debug|Any CPU.ActiveCfg = Debug|Any CPU
		{6D575717-AC21-4E4B-811C-6BABC6E848C3}.Debug|Any CPU.Build.0 = Debug|Any CPU
		{6D575717-AC21-4E4B-811C-6BABC6E848C3}.Release|Any CPU.ActiveCfg = Release|Any CPU
		{6D575717-AC21-4E4B-811C-6BABC6E848C3}.Release|Any CPU.Build.0 = Release|Any CPU
	EndGlobalSection
	GlobalSection(SolutionProperties) = preSolution
		HideSolutionNode = FALSE
	EndGlobalSection
	GlobalSection(ExtensibilityGlobals) = postSolution
		SolutionGuid = {9BD324AD-EA89-442F-9AD2-5FEEA70F41CD}
	EndGlobalSection
EndGlobal
